{"SurveyEntry":{"SurveyID":"SV_50jMP0WdbFjBgi1","SurveyName":"U01 Exit Survey","SurveyDescription":null,"SurveyOwnerID":"UR_1T86ayCN1D74XiZ","SurveyBrandID":"harvard","DivisionID":"DV_0uG93Am70qIFb00","SurveyLanguage":"EN","SurveyActiveResponseSet":"RS_0ufwZHSM5xb3LOR","SurveyStatus":"Active","SurveyStartDate":"0000-00-00 00:00:00","SurveyExpirationDate":"0000-00-00 00:00:00","SurveyCreationDate":"2019-04-25 13:58:17","CreatorID":"UR_1T86ayCN1D74XiZ","LastModified":"2022-10-06 16:42:03","LastAccessed":"0000-00-00 00:00:00","LastActivated":"2019-04-25 14:09:35","Deleted":null},"SurveyElements":[{"SurveyID":"SV_50jMP0WdbFjBgi1","Element":"BL","PrimaryAttribute":"Survey Blocks","SecondaryAttribute":null,"TertiaryAttribute":null,"Payload":[{"Type":"Default","Description":"Exit Survey","ID":"BL_esvCPT2r0Ka4KAl","BlockElements":[{"Type":"Question","QuestionID":"QID8"},{"Type":"Question","QuestionID":"QID9"},{"Type":"Question","QuestionID":"QID1"},{"Type":"Question","QuestionID":"QID2"},{"Type":"Question","QuestionID":"QID3"},{"Type":"Question","QuestionID":"QID4"},{"Type":"Question","QuestionID":"QID5"},{"Type":"Question","QuestionID":"QID14"},{"Type":"Question","QuestionID":"QID15"},{"Type":"Question","QuestionID":"QID6"},{"Type":"Question","QuestionID":"QID7"},{"Type":"Question","QuestionID":"QID10"},{"Type":"Question","QuestionID":"QID11"},{"Type":"Question","QuestionID":"QID12"},{"Type":"Question","QuestionID":"QID13"},{"Type":"Question","QuestionID":"QID16"},{"Type":"Question","QuestionID":"QID17"},{"Type":"Question","QuestionID":"QID18"}],"Options":{"BlockLocking":"false","RandomizeQuestions":"false","BlockVisibility":"Expanded"}},{"Type":"Trash","Description":"Trash \/ Unused Questions","ID":"BL_6DMBE5koGJ53FkN"}]},{"SurveyID":"SV_50jMP0WdbFjBgi1","Element":"FL","PrimaryAttribute":"Survey Flow","SecondaryAttribute":null,"TertiaryAttribute":null,"Payload":{"Type":"Root","FlowID":"FL_1","Flow":[{"Type":"EmbeddedData","FlowID":"FL_3","EmbeddedData":[{"Description":"ID","Type":"Recipient","Field":"ID","VariableType":"String","DataVisibility":[],"FlowOnly":false,"AnalyzeText":false},{"Description":"StudyName","Type":"Recipient","Field":"StudyName","VariableType":"String","DataVisibility":[],"FlowOnly":false,"AnalyzeText":false},{"Description":"Create New Field or Choose From Dropdown...","Type":"Recipient","Field":"Create New Field or Choose From Dropdown...","VariableType":"String","DataVisibility":[],"FlowOnly":false,"AnalyzeText":false}]},{"Type":"Block","ID":"BL_esvCPT2r0Ka4KAl","FlowID":"FL_2"}],"Properties":{"Count":3,"RemovedFieldsets":[]}}},{"SurveyID":"SV_50jMP0WdbFjBgi1","Element":"PL","PrimaryAttribute":"Preview Link","SecondaryAttribute":null,"TertiaryAttribute":null,"Payload":{"PreviewType":"Brand","PreviewID":"4dfde200-e934-4e2c-ae47-8756df517ac4"}},{"SurveyID":"SV_50jMP0WdbFjBgi1","Element":"SO","PrimaryAttribute":"Survey Options","SecondaryAttribute":null,"TertiaryAttribute":null,"Payload":{"BackButton":"false","SaveAndContinue":"true","SurveyProtection":"PublicSurvey","BallotBoxStuffingPrevention":"false","NoIndex":"Yes","SecureResponseFiles":"true","SurveyExpiration":"None","SurveyTermination":"DefaultMessage","Header":"","Footer":"","ProgressBarDisplay":"None","PartialData":"+1 week","ValidationMessage":null,"PreviousButton":" \u2190 ","NextButton":" \u2192 ","SkinLibrary":"harvard","SkinType":"MQ","Skin":"harvard20","NewScoring":1,"ProtectSelectionIds":true,"EOSMessage":null,"ShowExportTags":"false","CollectGeoLocation":"false","SurveyTitle":"Qualtrics Survey | Qualtrics Experience Management","SurveyMetaDescription":"The most powerful, simple and trusted way to gather experience data. Start your journey to experience management and try a free account today.","PasswordProtection":"No","AnonymizeResponse":"No","RefererCheck":"No","BallotBoxStuffingPreventionBehavior":null,"BallotBoxStuffingPreventionMessage":null,"BallotBoxStuffingPreventionMessageLibrary":null,"BallotBoxStuffingPreventionURL":null,"RecaptchaV3":"false","ConfirmStart":false,"AutoConfirmStart":false,"RelevantID":"false","RelevantIDLockoutPeriod":"+30 days","UseCustomSurveyLinkCompletedMessage":null,"SurveyLinkCompletedMessage":null,"SurveyLinkCompletedMessageLibrary":null,"ResponseSummary":"No","EOSMessageLibrary":null,"EOSRedirectURL":null,"EmailThankYou":"false","ThankYouEmailMessageLibrary":null,"ThankYouEmailMessage":null,"ValidateMessage":"false","ValidationMessageLibrary":null,"InactiveSurvey":null,"PartialDeletion":null,"PartialDataCloseAfter":"LastActivity","InactiveMessageLibrary":null,"InactiveMessage":null,"AvailableLanguages":{"EN":[]}}},{"SurveyID":"SV_50jMP0WdbFjBgi1","Element":"SCO","PrimaryAttribute":"Scoring","SecondaryAttribute":null,"TertiaryAttribute":null,"Payload":{"ScoringCategories":[],"ScoringCategoryGroups":[],"ScoringSummaryCategory":null,"ScoringSummaryAfterQuestions":0,"ScoringSummaryAfterSurvey":0,"DefaultScoringCategory":null,"AutoScoringCategory":null}},{"SurveyID":"SV_50jMP0WdbFjBgi1","Element":"PROJ","PrimaryAttribute":"CORE","SecondaryAttribute":null,"TertiaryAttribute":"1.1.0","Payload":{"ProjectCategory":"CORE","SchemaVersion":"1.1.0"}},{"SurveyID":"SV_50jMP0WdbFjBgi1","Element":"STAT","PrimaryAttribute":"Survey Statistics","SecondaryAttribute":null,"TertiaryAttribute":null,"Payload":{"MobileCompatible":true,"ID":"Survey Statistics"}},{"SurveyID":"SV_50jMP0WdbFjBgi1","Element":"QC","PrimaryAttribute":"Survey Question Count","SecondaryAttribute":"18","TertiaryAttribute":null,"Payload":null},{"SurveyID":"SV_50jMP0WdbFjBgi1","Element":"SQ","PrimaryAttribute":"QID6","SecondaryAttribute":"Are there any things you think we should change about this study for future participants?","TertiaryAttribute":null,"Payload":{"QuestionText":"Are there any things you think we should change about this study for future participants?","DefaultChoices":false,"DataExportTag":"Q6","QuestionType":"TE","Selector":"ESTB","DataVisibility":{"Private":false,"Hidden":false},"Configuration":{"QuestionDescriptionOption":"UseText","AllowFreeResponse":"false"},"QuestionDescription":"Are there any things you think we should change about this study for future participants?","Validation":{"Settings":{"ForceResponse":"OFF","ForceResponseType":"ON","Type":"None"}},"GradingData":[],"Language":[],"NextChoiceId":4,"NextAnswerId":1,"QuestionID":"QID6","SearchSource":{"AllowFreeResponse":"false"}}},{"SurveyID":"SV_50jMP0WdbFjBgi1","Element":"SQ","PrimaryAttribute":"QID14","SecondaryAttribute":"Are you aware of what would cause the study team to call for safety?","TertiaryAttribute":null,"Payload":{"QuestionText":"<p>Are you aware of what would cause the\nstudy team to call for safety?<\/p>","DefaultChoices":false,"DataExportTag":"Safety","QuestionType":"TE","Selector":"SL","Configuration":{"QuestionDescriptionOption":"UseText"},"QuestionDescription":"Are you aware of what would cause the study team to call for safety?","Validation":{"Settings":{"ForceResponse":"OFF","ForceResponseType":"ON","Type":"None"}},"GradingData":[],"Language":[],"NextChoiceId":4,"NextAnswerId":1,"SearchSource":{"AllowFreeResponse":"false"},"QuestionID":"QID14","DataVisibility":{"Private":false,"Hidden":false}}},{"SurveyID":"SV_50jMP0WdbFjBgi1","Element":"RS","PrimaryAttribute":"RS_0ufwZHSM5xb3LOR","SecondaryAttribute":"Default Response Set","TertiaryAttribute":null,"Payload":null},{"SurveyID":"SV_50jMP0WdbFjBgi1","Element":"SQ","PrimaryAttribute":"QID15","SecondaryAttribute":"Did you adjust any of your answers to avoid or invite calls from study staff to check in? If so,...","TertiaryAttribute":null,"Payload":{"QuestionText":"<p>Did you adjust any of your answers to\navoid or invite calls from study staff to check in? If so, explain.<\/p>","DefaultChoices":false,"DataExportTag":"SafetyMod","QuestionType":"TE","Selector":"SL","Configuration":{"QuestionDescriptionOption":"UseText"},"QuestionDescription":"Did you adjust any of your answers to avoid or invite calls from study staff to check in? If so,...","Validation":{"Settings":{"ForceResponse":"OFF","ForceResponseType":"ON","Type":"None"}},"GradingData":[],"Language":[],"NextChoiceId":4,"NextAnswerId":1,"SearchSource":{"AllowFreeResponse":"false"},"QuestionID":"QID15","DataVisibility":{"Private":false,"Hidden":false}}},{"SurveyID":"SV_50jMP0WdbFjBgi1","Element":"SQ","PrimaryAttribute":"QID8","SecondaryAttribute":"Exit Survey \u00a0 Thank you for participating in the last survey of this study. We'd like to hear abo..","TertiaryAttribute":null,"Payload":{"QuestionText":"<div><span style=\"font-size:22px;\"><strong>Exit Survey<\/strong><\/span><\/div>\n\n<div>&nbsp;<\/div>\nThank you for participating in the last survey of this study. We'd like to hear about your experience in our study and appreciate your thoughts and opinions!&nbsp;","DefaultChoices":false,"DataExportTag":"Q8","QuestionType":"DB","Selector":"TB","Configuration":{"QuestionDescriptionOption":"UseText"},"QuestionDescription":"Exit Survey \u00a0 Thank you for participating in the last survey of this study. We'd like to hear abo...","ChoiceOrder":[],"Validation":{"Settings":{"Type":"None"}},"GradingData":[],"Language":[],"NextChoiceId":11,"NextAnswerId":1,"QuestionID":"QID8","DataVisibility":{"Private":false,"Hidden":false}}},{"SurveyID":"SV_50jMP0WdbFjBgi1","Element":"SQ","PrimaryAttribute":"QID18","SecondaryAttribute":"How burdensome did you find this study? ","TertiaryAttribute":null,"Payload":{"QuestionText":"How burdensome did you\nfind this study?&nbsp;","DefaultChoices":false,"DataExportTag":"Burdensome","QuestionType":"MC","Selector":"SAHR","SubSelector":"TX","DataVisibility":{"Private":false,"Hidden":false},"Configuration":{"QuestionDescriptionOption":"UseText","LabelPosition":"BELOW"},"QuestionDescription":"How burdensome did you find this study? ","Choices":{"1":{"Display":"1 - Not at all"},"2":{"Display":"2"},"3":{"Display":"3"},"4":{"Display":"4"},"5":{"Display":"5 - Extremely"}},"ChoiceOrder":["1","2","3","4","5"],"Validation":{"Settings":{"ForceResponse":"OFF","ForceResponseType":"ON","Type":"None"}},"GradingData":[],"Language":[],"NextChoiceId":6,"NextAnswerId":1,"QuestionID":"QID18"}},{"SurveyID":"SV_50jMP0WdbFjBgi1","Element":"SQ","PrimaryAttribute":"QID16","SecondaryAttribute":"How did you decide when to cash out using StudyPay?","TertiaryAttribute":null,"Payload":{"QuestionText":"<p>How\ndid you decide when to cash out using StudyPay?<\/p>","DefaultChoices":false,"DataExportTag":"StudyPay","QuestionType":"TE","Selector":"SL","Configuration":{"QuestionDescriptionOption":"UseText"},"QuestionDescription":"How did you decide when to cash out using StudyPay?","Validation":{"Settings":{"ForceResponse":"OFF","ForceResponseType":"ON","Type":"None"}},"GradingData":[],"Language":[],"NextChoiceId":4,"NextAnswerId":1,"SearchSource":{"AllowFreeResponse":"false"},"QuestionID":"QID16","DataVisibility":{"Private":false,"Hidden":false}}},{"SurveyID":"SV_50jMP0WdbFjBgi1","Element":"SQ","PrimaryAttribute":"QID3","SecondaryAttribute":"How did you feel about completing the phone-based surveys?","TertiaryAttribute":null,"Payload":{"QuestionText":"How did you feel about completing the phone-based surveys?","DefaultChoices":false,"DataExportTag":"Q3","QuestionType":"TE","Selector":"ESTB","DataVisibility":{"Private":false,"Hidden":false},"Configuration":{"QuestionDescriptionOption":"UseText","AllowFreeResponse":"false"},"QuestionDescription":"How did you feel about completing the phone-based surveys?","Validation":{"Settings":{"ForceResponse":"OFF","ForceResponseType":"ON","Type":"None"}},"GradingData":[],"Language":[],"NextChoiceId":4,"NextAnswerId":1,"QuestionID":"QID3","SearchSource":{"AllowFreeResponse":"false"}}},{"SurveyID":"SV_50jMP0WdbFjBgi1","Element":"SQ","PrimaryAttribute":"QID5","SecondaryAttribute":"How did you feel about our monitoring signals from your phone, such as how many calls and texts y...","TertiaryAttribute":null,"Payload":{"QuestionText":"How did you feel about our monitoring signals from your phone, such as how many calls and texts you were sending and receiving?","DefaultChoices":false,"DataExportTag":"Q5","QuestionType":"TE","Selector":"ESTB","DataVisibility":{"Private":false,"Hidden":false},"Configuration":{"QuestionDescriptionOption":"UseText","AllowFreeResponse":"false"},"QuestionDescription":"How did you feel about our monitoring signals from your phone, such as how many calls and texts y...","Validation":{"Settings":{"ForceResponse":"OFF","ForceResponseType":"ON","Type":"None"}},"GradingData":[],"Language":[],"NextChoiceId":4,"NextAnswerId":1,"QuestionID":"QID5","SearchSource":{"AllowFreeResponse":"false"}}},{"SurveyID":"SV_50jMP0WdbFjBgi1","Element":"SQ","PrimaryAttribute":"QID4","SecondaryAttribute":"How did you feel about wearing the device on your wrist?","TertiaryAttribute":null,"Payload":{"QuestionText":"How did you feel about wearing the device on your wrist?","DefaultChoices":false,"DataExportTag":"Q4","QuestionType":"TE","Selector":"ESTB","DataVisibility":{"Private":false,"Hidden":false},"Configuration":{"QuestionDescriptionOption":"UseText","AllowFreeResponse":"false"},"QuestionDescription":"How did you feel about wearing the device on your wrist?","Validation":{"Settings":{"ForceResponse":"OFF","ForceResponseType":"ON","Type":"None"}},"GradingData":[],"Language":[],"NextChoiceId":4,"NextAnswerId":1,"QuestionID":"QID4","SearchSource":{"AllowFreeResponse":"false"}}},{"SurveyID":"SV_50jMP0WdbFjBgi1","Element":"SQ","PrimaryAttribute":"QID17","SecondaryAttribute":"How overwhelming did you find this study? ","TertiaryAttribute":null,"Payload":{"QuestionText":"How overwhelming did you\nfind this study?&nbsp;","DefaultChoices":false,"DataExportTag":"Overhwelming","QuestionType":"MC","Selector":"SAHR","SubSelector":"TX","Configuration":{"QuestionDescriptionOption":"UseText","LabelPosition":"BELOW"},"QuestionDescription":"How overwhelming did you find this study? ","Choices":{"1":{"Display":"1 - Not at all"},"2":{"Display":"2"},"3":{"Display":"3"},"4":{"Display":"4"},"5":{"Display":"5 - Extremely"}},"ChoiceOrder":["1","2","3","4","5"],"Validation":{"Settings":{"ForceResponse":"OFF","ForceResponseType":"ON","Type":"None"}},"GradingData":[],"Language":[],"NextChoiceId":6,"NextAnswerId":1,"QuestionID":"QID17","DataVisibility":{"Private":false,"Hidden":false}}},{"SurveyID":"SV_50jMP0WdbFjBgi1","Element":"SQ","PrimaryAttribute":"QID7","SecondaryAttribute":"Is there anything else that you think would be helpful for us to know?","TertiaryAttribute":null,"Payload":{"QuestionText":"Is there anything else that you think would be helpful for us to know?","DefaultChoices":false,"DataExportTag":"Q7","QuestionType":"TE","Selector":"ESTB","DataVisibility":{"Private":false,"Hidden":false},"Configuration":{"QuestionDescriptionOption":"UseText","AllowFreeResponse":"false"},"QuestionDescription":"Is there anything else that you think would be helpful for us to know?","Validation":{"Settings":{"ForceResponse":"OFF","ForceResponseType":"ON","Type":"None"}},"GradingData":[],"Language":[],"NextChoiceId":4,"NextAnswerId":1,"QuestionID":"QID7","SearchSource":{"AllowFreeResponse":"false"}}},{"SurveyID":"SV_50jMP0WdbFjBgi1","Element":"SQ","PrimaryAttribute":"QID2","SecondaryAttribute":"What did you like LEAST about participating in this study?","TertiaryAttribute":null,"Payload":{"QuestionText":"What did you like LEAST about participating in this study?","DefaultChoices":false,"DataExportTag":"Q2","QuestionType":"TE","Selector":"ESTB","DataVisibility":{"Private":false,"Hidden":false},"Configuration":{"QuestionDescriptionOption":"UseText","AllowFreeResponse":"false"},"QuestionDescription":"What did you like LEAST about participating in this study?","Validation":{"Settings":{"ForceResponse":"OFF","ForceResponseType":"ON","Type":"None"}},"GradingData":[],"Language":[],"NextChoiceId":4,"NextAnswerId":1,"QuestionID":"QID2","SearchSource":{"AllowFreeResponse":"false"}}},{"SurveyID":"SV_50jMP0WdbFjBgi1","Element":"SQ","PrimaryAttribute":"QID11","SecondaryAttribute":"What did you like LEAST about the StudyPay app?","TertiaryAttribute":null,"Payload":{"QuestionText":"What did you like LEAST about the StudyPay app?","DefaultChoices":false,"DataExportTag":"Q11","QuestionType":"TE","Selector":"SL","Configuration":{"QuestionDescriptionOption":"UseText"},"QuestionDescription":"What did you like LEAST about the StudyPay app?","Validation":{"Settings":{"ForceResponse":"OFF","ForceResponseType":"ON","Type":"None"}},"GradingData":[],"Language":[],"NextChoiceId":4,"NextAnswerId":1,"SearchSource":{"AllowFreeResponse":"false"},"QuestionID":"QID11","DataVisibility":{"Private":false,"Hidden":false}}},{"SurveyID":"SV_50jMP0WdbFjBgi1","Element":"SQ","PrimaryAttribute":"QID1","SecondaryAttribute":"What did you like MOST about participating in this study?","TertiaryAttribute":null,"Payload":{"QuestionText":"What did you like MOST about participating in this study?","DefaultChoices":false,"DataExportTag":"Q1","QuestionID":"QID1","QuestionType":"TE","Selector":"ESTB","DataVisibility":{"Private":false,"Hidden":false},"Configuration":{"QuestionDescriptionOption":"UseText","AllowFreeResponse":"false"},"QuestionDescription":"What did you like MOST about participating in this study?","Validation":{"Settings":{"ForceResponse":"OFF","ForceResponseType":"ON","Type":"None"}},"GradingData":[],"Language":[],"NextChoiceId":4,"NextAnswerId":1,"SearchSource":{"AllowFreeResponse":"false"}}},{"SurveyID":"SV_50jMP0WdbFjBgi1","Element":"SQ","PrimaryAttribute":"QID10","SecondaryAttribute":"What did you like MOST about the StudyPay app?","TertiaryAttribute":null,"Payload":{"QuestionText":"What did you like MOST about the StudyPay app?","DefaultChoices":false,"DataExportTag":"Q10","QuestionType":"TE","Selector":"SL","Configuration":{"QuestionDescriptionOption":"UseText"},"QuestionDescription":"What did you like MOST about the StudyPay app?","Validation":{"Settings":{"ForceResponse":"OFF","ForceResponseType":"ON","Type":"None"}},"GradingData":[],"Language":[],"NextChoiceId":4,"NextAnswerId":1,"SearchSource":{"AllowFreeResponse":"false"},"QuestionID":"QID10","DataVisibility":{"Private":false,"Hidden":false}}},{"SurveyID":"SV_50jMP0WdbFjBgi1","Element":"SQ","PrimaryAttribute":"QID9","SecondaryAttribute":"What is your participant ID#? (If you can't remember or find it, it's okay.)","TertiaryAttribute":null,"Payload":{"QuestionText":"What is your participant ID#? (If you can't remember or find it, it's okay.)","DefaultChoices":false,"DataExportTag":"Q9","QuestionType":"TE","Selector":"SL","Configuration":{"QuestionDescriptionOption":"UseText","AllowFreeResponse":"false"},"QuestionDescription":"What is your participant ID#? (If you can't remember or find it, it's okay.)","Validation":{"Settings":{"ForceResponse":"OFF","ForceResponseType":"ON","Type":"None"}},"GradingData":[],"Language":[],"NextChoiceId":4,"NextAnswerId":1,"QuestionID":"QID9","DataVisibility":{"Private":false,"Hidden":false}}},{"SurveyID":"SV_50jMP0WdbFjBgi1","Element":"SQ","PrimaryAttribute":"QID12","SecondaryAttribute":"What, if any, issues did you have with the StudyPay app?","TertiaryAttribute":null,"Payload":{"QuestionText":"What, if any, issues did you have with the StudyPay app?","DefaultChoices":false,"DataExportTag":"Q12","QuestionType":"TE","Selector":"SL","Configuration":{"QuestionDescriptionOption":"UseText"},"QuestionDescription":"What, if any, issues did you have with the StudyPay app?","Validation":{"Settings":{"ForceResponse":"OFF","ForceResponseType":"ON","Type":"None"}},"GradingData":[],"Language":[],"NextChoiceId":4,"NextAnswerId":1,"SearchSource":{"AllowFreeResponse":"false"},"QuestionID":"QID12","DataVisibility":{"Private":false,"Hidden":false}}},{"SurveyID":"SV_50jMP0WdbFjBgi1","Element":"SQ","PrimaryAttribute":"QID13","SecondaryAttribute":"Which, if any, other gift cards (e.g. CVS, Dunkin Donuts, etc.) would you have liked to have opti...","TertiaryAttribute":null,"Payload":{"QuestionText":"Which, if any, other gift cards (e.g. CVS, Dunkin Donuts, etc.) would you have liked to have options for?","DefaultChoices":false,"DataExportTag":"Q13","QuestionType":"TE","Selector":"SL","Configuration":{"QuestionDescriptionOption":"UseText"},"QuestionDescription":"Which, if any, other gift cards (e.g. CVS, Dunkin Donuts, etc.) would you have liked to have opti...","Validation":{"Settings":{"ForceResponse":"OFF","ForceResponseType":"ON","Type":"None"}},"GradingData":[],"Language":[],"NextChoiceId":4,"NextAnswerId":1,"SearchSource":{"AllowFreeResponse":"false"},"QuestionID":"QID13","DataVisibility":{"Private":false,"Hidden":false}}}]}